# THIS IS AN AUTOGENERATED FILE. DO NOT EDIT THIS FILE DIRECTLY.
# yarn lockfile v1


sweetalert2@^11.14.5:
  version "11.14.5"
  resolved "https://registry.yarnpkg.com/sweetalert2/-/sweetalert2-11.14.5.tgz#a3adf9d8c6c8eb8eacfd57e2261503f2181abb8d"
  integrity sha512-8MWk5uc/r6bWhiJWkUXyEuApfXAhSCZT8FFX7pZXL7YwaPxq+9Ynhi2dUzWkOFn9jvLjKj22CXuccZ+IHcnjvQ==
